{
  "originHash" : "8062ae697665a40ce107d49b84359b4c1e51027676903a9d722c5359cf8841da",
  "pins" : [
    {
      "identity" : "capacitor-swift-pm",
      "kind" : "remoteSourceControl",
      "location" : "https://github.com/ionic-team/capacitor-swift-pm.git",
      "state" : {
        "revision" : "de1d86e8b7a9b3ddfd19d6304aa3850023536505",
        "version" : "7.6.0"
      }
    }
  ],
  "version" : 3
}
